
Microsoft Visual Studio Solution File, Format Version 12.00
# Visual Studio Version 16
VisualStudioVersion = 16.0.31424.327
MinimumVisualStudioVersion = 10.0.40219.1
Project("{FAE04EC0-301F-11D3-BF4B-00C04F79EFBC}") = "ProjetoKopezky", "ProjetoKopezky\ProjetoKopezky.csproj", "{8B5042F9-F40B-4926-A685-87EEE90B560D}"
EndProject
Global
	GlobalSection(SolutionConfigurationPlatforms) = preSolution
		Debug|Any CPU = Debug|Any CPU
		Release|Any CPU = Release|Any CPU
	EndGlobalSection
	GlobalSection(ProjectConfigurationPlatforms) = postSolution
		{8B5042F9-F40B-4926-A685-87EEE90B560D}.Debug|Any CPU.ActiveCfg = Debug|Any CPU
		{8B5042F9-F40B-4926-A685-87EEE90B560D}.Debug|Any CPU.Build.0 = Debug|Any CPU
		{8B5042F9-F40B-4926-A685-87EEE90B560D}.Release|Any CPU.ActiveCfg = Release|Any CPU
		{8B5042F9-F40B-4926-A685-87EEE90B560D}.Release|Any CPU.Build.0 = Release|Any CPU
	EndGlobalSection
	GlobalSection(SolutionProperties) = preSolution
		HideSolutionNode = FALSE
	EndGlobalSection
	GlobalSection(ExtensibilityGlobals) = postSolution
		SolutionGuid = {5374D4E5-B493-472D-B191-A00A9E86F478}
	EndGlobalSection
EndGlobal
