
Microsoft Visual Studio Solution File, Format Version 12.00
# Visual Studio Version 16
VisualStudioVersion = 16.0.31424.327
MinimumVisualStudioVersion = 10.0.40219.1
Project("{FAE04EC0-301F-11D3-BF4B-00C04F79EFBC}") = "kopezky", "kopezky\kopezky.csproj", "{9FFCACF4-BD63-4CCF-8A5F-B469851D9A30}"
EndProject
Global
	GlobalSection(SolutionConfigurationPlatforms) = preSolution
		Debug|Any CPU = Debug|Any CPU
		Release|Any CPU = Release|Any CPU
	EndGlobalSection
	GlobalSection(ProjectConfigurationPlatforms) = postSolution
		{9FFCACF4-BD63-4CCF-8A5F-B469851D9A30}.Debug|Any CPU.ActiveCfg = Debug|Any CPU
		{9FFCACF4-BD63-4CCF-8A5F-B469851D9A30}.Debug|Any CPU.Build.0 = Debug|Any CPU
		{9FFCACF4-BD63-4CCF-8A5F-B469851D9A30}.Release|Any CPU.ActiveCfg = Release|Any CPU
		{9FFCACF4-BD63-4CCF-8A5F-B469851D9A30}.Release|Any CPU.Build.0 = Release|Any CPU
	EndGlobalSection
	GlobalSection(SolutionProperties) = preSolution
		HideSolutionNode = FALSE
	EndGlobalSection
	GlobalSection(ExtensibilityGlobals) = postSolution
		SolutionGuid = {921E15D1-9328-4959-91AB-9CB76C9409EB}
	EndGlobalSection
EndGlobal
